
Microsoft Visual Studio Solution File, Format Version 12.00
# Visual Studio Version 17
VisualStudioVersion = 17.14.36518.9
MinimumVisualStudioVersion = 10.0.40219.1
Project("{FAE04EC0-301F-11D3-BF4B-00C04F79EFBC}") = "WpfUserControlApp1", "WpfUserControlApp1\WpfUserControlApp1.csproj", "{E364A909-9A0F-4552-9D61-684D32B3A0FE}"
EndProject
Project("{2150E333-8FDC-42A3-9474-1A3956D46DE8}") = "方案項目", "方案項目", "{8DDC4786-5FC8-F15C-1CA5-9F41FD4BEB75}"
	ProjectSection(SolutionItems) = preProject
		README.md = README.md
	EndProjectSection
EndProject
Project("{2150E333-8FDC-42A3-9474-1A3956D46DE8}") = "UnitTest", "UnitTest", "{02EA681E-C7D8-13C7-8484-4AC65E1B71E8}"
EndProject
Project("{2150E333-8FDC-42A3-9474-1A3956D46DE8}") = "UI", "UI", "{BF7D283B-7AAB-4472-9D92-19D78A40BEA6}"
EndProject
Project("{FAE04EC0-301F-11D3-BF4B-00C04F79EFBC}") = "Tests_WpfUserControlApp1", "Tests_WpfUserControlApp1\Tests_WpfUserControlApp1.csproj", "{94CDABB7-4A1D-4D05-9C6D-AE04DF8735FD}"
EndProject
Global
	GlobalSection(SolutionConfigurationPlatforms) = preSolution
		Debug|Any CPU = Debug|Any CPU
		Release|Any CPU = Release|Any CPU
	EndGlobalSection
	GlobalSection(ProjectConfigurationPlatforms) = postSolution
		{E364A909-9A0F-4552-9D61-684D32B3A0FE}.Debug|Any CPU.ActiveCfg = Debug|Any CPU
		{E364A909-9A0F-4552-9D61-684D32B3A0FE}.Debug|Any CPU.Build.0 = Debug|Any CPU
		{E364A909-9A0F-4552-9D61-684D32B3A0FE}.Release|Any CPU.ActiveCfg = Release|Any CPU
		{E364A909-9A0F-4552-9D61-684D32B3A0FE}.Release|Any CPU.Build.0 = Release|Any CPU
		{94CDABB7-4A1D-4D05-9C6D-AE04DF8735FD}.Debug|Any CPU.ActiveCfg = Debug|Any CPU
		{94CDABB7-4A1D-4D05-9C6D-AE04DF8735FD}.Debug|Any CPU.Build.0 = Debug|Any CPU
		{94CDABB7-4A1D-4D05-9C6D-AE04DF8735FD}.Release|Any CPU.ActiveCfg = Release|Any CPU
		{94CDABB7-4A1D-4D05-9C6D-AE04DF8735FD}.Release|Any CPU.Build.0 = Release|Any CPU
	EndGlobalSection
	GlobalSection(SolutionProperties) = preSolution
		HideSolutionNode = FALSE
	EndGlobalSection
	GlobalSection(NestedProjects) = preSolution
		{E364A909-9A0F-4552-9D61-684D32B3A0FE} = {BF7D283B-7AAB-4472-9D92-19D78A40BEA6}
	EndGlobalSection
	GlobalSection(ExtensibilityGlobals) = postSolution
		SolutionGuid = {CB93E2AB-6C75-4E10-B15E-FAC981804C69}
	EndGlobalSection
EndGlobal
